
Microsoft Visual Studio Solution File, Format Version 12.00
# Visual Studio Version 17
VisualStudioVersion = 17.5.33627.172
MinimumVisualStudioVersion = 10.0.40219.1
Project("{9A19103F-16F7-4668-BE54-9A1E7A4F7556}") = "APITrail", "APITrail\APITrail.csproj", "{77DED679-C9E0-47E1-A733-6166036F7601}"
EndProject
Project("{2150E333-8FDC-42A3-9474-1A3956D46DE8}") = "Solution Items", "Solution Items", "{46C20633-0B3E-4860-909E-747DFF4DD3C8}"
EndProject
Global
	GlobalSection(SolutionConfigurationPlatforms) = preSolution
		Debug|Any CPU = Debug|Any CPU
		Release|Any CPU = Release|Any CPU
	EndGlobalSection
	GlobalSection(ProjectConfigurationPlatforms) = postSolution
		{77DED679-C9E0-47E1-A733-6166036F7601}.Debug|Any CPU.ActiveCfg = Debug|Any CPU
		{77DED679-C9E0-47E1-A733-6166036F7601}.Debug|Any CPU.Build.0 = Debug|Any CPU
		{77DED679-C9E0-47E1-A733-6166036F7601}.Release|Any CPU.ActiveCfg = Release|Any CPU
		{77DED679-C9E0-47E1-A733-6166036F7601}.Release|Any CPU.Build.0 = Release|Any CPU
	EndGlobalSection
	GlobalSection(SolutionProperties) = preSolution
		HideSolutionNode = FALSE
	EndGlobalSection
	GlobalSection(ExtensibilityGlobals) = postSolution
		SolutionGuid = {A508F764-73D4-4037-A316-DE38762B5077}
	EndGlobalSection
EndGlobal
